version = 1
revision = 3
requires-python = ">=3.14"

[[package]]
name = "altgraph"
version = "0.17.5"
source = { registry = "https://pypi.org/simple" }
sdist = { url = "https://files.pythonhosted.org/packages/7e/f8/97fdf103f38fed6792a1601dbc16cc8aac56e7459a9fff08c812d8ae177a/altgraph-0.17.5.tar.gz", hash = "sha256:c87b395dd12fabde9c99573a9749d67da8d29ef9de0125c7f536699b4a9bc9e7", size = 48428, upload-time = "2025-11-21T20:35:50.583Z" }
wheels = [
    { url = "https://files.pythonhosted.org/packages/a9/ba/000a1996d4308bc65120167c21241a3b205464a2e0b58deda26ae8ac21d1/altgraph-0.17.5-py2.py3-none-any.whl", hash = "sha256:f3a22400bce1b0c701683820ac4f3b159cd301acab067c51c653e06961600597", size = 21228, upload-time = "2025-11-21T20:35:49.444Z" },
]

[[package]]
name = "geometry-dash-temu"
version = "0.1.0"
source = { virtual = "." }
dependencies = [
    { name = "pygame-ce" },
    { name = "pyinstaller" },
]

[package.metadata]
requires-dist = [
    { name = "pygame-ce", specifier = "==2.5.7" },
    { name = "pyinstaller", specifier = "==6.11.0" },
]

[[package]]
name = "macholib"
version = "1.16.4"
source = { registry = "https://pypi.org/simple" }
dependencies = [
    { name = "altgraph" },
]
sdist = { url = "https://files.pythonhosted.org/packages/10/2f/97589876ea967487978071c9042518d28b958d87b17dceb7cdc1d881f963/macholib-1.16.4.tar.gz", hash = "sha256:f408c93ab2e995cd2c46e34fe328b130404be143469e41bc366c807448979362", size = 59427, upload-time = "2025-11-22T08:28:38.373Z" }
wheels = [
    { url = "https://files.pythonhosted.org/packages/c7/d1/a9f36f8ecdf0fb7c9b1e78c8d7af12b8c8754e74851ac7b94a8305540fc7/macholib-1.16.4-py2.py3-none-any.whl", hash = "sha256:da1a3fa8266e30f0ce7e97c6a54eefaae8edd1e5f86f3eb8b95457cae90265ea", size = 38117, upload-time = "2025-11-22T08:28:36.939Z" },
]

[[package]]
name = "packaging"
version = "26.1"
source = { registry = "https://pypi.org/simple" }
sdist = { url = "https://files.pythonhosted.org/packages/df/de/0d2b39fb4af88a0258f3bac87dfcbb48e73fbdea4a2ed0e2213f9a4c2f9a/packaging-26.1.tar.gz", hash = "sha256:f042152b681c4bfac5cae2742a55e103d27ab2ec0f3d88037136b6bfe7c9c5de", size = 215519, upload-time = "2026-04-14T21:12:49.362Z" }
wheels = [
    { url = "https://files.pythonhosted.org/packages/7a/c2/920ef838e2f0028c8262f16101ec09ebd5969864e5a64c4c05fad0617c56/packaging-26.1-py3-none-any.whl", hash = "sha256:5d9c0669c6285e491e0ced2eee587eaf67b670d94a19e94e3984a481aba6802f", size = 95831, upload-time = "2026-04-14T21:12:47.56Z" },
]

[[package]]
name = "pefile"
version = "2023.2.7"
source = { registry = "https://pypi.org/simple" }
sdist = { url = "https://files.pythonhosted.org/packages/78/c5/3b3c62223f72e2360737fd2a57c30e5b2adecd85e70276879609a7403334/pefile-2023.2.7.tar.gz", hash = "sha256:82e6114004b3d6911c77c3953e3838654b04511b8b66e8583db70c65998017dc", size = 74854, upload-time = "2023-02-07T12:23:55.958Z" }
wheels = [
    { url = "https://files.pythonhosted.org/packages/55/26/d0ad8b448476d0a1e8d3ea5622dc77b916db84c6aa3cb1e1c0965af948fc/pefile-2023.2.7-py3-none-any.whl", hash = "sha256:da185cd2af68c08a6cd4481f7325ed600a88f6a813bad9dea07ab3ef73d8d8d6", size = 71791, upload-time = "2023-02-07T12:28:36.678Z" },
]

[[package]]
name = "pygame-ce"
version = "2.5.7"
source = { registry = "https://pypi.org/simple" }
sdist = { url = "https://files.pythonhosted.org/packages/e9/0d/bb6a6fdf1b227c0bb9a44437a70962a3854bcc541533c261e5021a5ee691/pygame_ce-2.5.7.tar.gz", hash = "sha256:86beb797cd73c141299a29b56f7df2b0543fbdc81d428022458329ff694aaa51", size = 5935870, upload-time = "2026-03-02T09:26:59.005Z" }
wheels = [
    { url = "https://files.pythonhosted.org/packages/26/08/9fe0003d69077ff8faff242a85260b8a192d3b7111c02332b8b2f515d40c/pygame_ce-2.5.7-cp314-cp314-macosx_10_15_universal2.whl", hash = "sha256:addfbf7d119647eec157d611f463e5d572836fa74d0d222c59210294ed618b9d", size = 17211017, upload-time = "2026-03-02T09:26:30.243Z" },
    { url = "https://files.pythonhosted.org/packages/40/c7/217c5430c8c612879162beb2d18cb10ad8b1b4db6ce03245289a3de6bc1b/pygame_ce-2.5.7-cp314-cp314-manylinux2014_aarch64.manylinux_2_17_aarch64.whl", hash = "sha256:1c92feb289e34ac323a7b62b91d230a4e32b44059c4d7fb95631e504b1d9b365", size = 12710845, upload-time = "2026-03-02T09:26:33.165Z" },
    { url = "https://files.pythonhosted.org/packages/00/a4/6fb0054bfb2522c4ad3ff82ecbc9c1a3c6694c50d24f2451717121636a1d/pygame_ce-2.5.7-cp314-cp314-manylinux2014_x86_64.manylinux_2_17_x86_64.whl", hash = "sha256:5c1ed4100311015cc67d24fe4e4d7c2f4cb25c34e043545061271c1d018c02d4", size = 12812020, upload-time = "2026-03-02T09:26:35.953Z" },
    { url = "https://files.pythonhosted.org/packages/a2/9b/0e0996573a9dd4bb34874c10643224a72372818242e07486c9eb4a22eebb/pygame_ce-2.5.7-cp314-cp314-win32.whl", hash = "sha256:1b7e641af3aeac92bb7e4df1402d6802271f4bd09c747d2665f154ef9b07a4e6", size = 9968590, upload-time = "2026-03-02T09:26:38.517Z" },
    { url = "https://files.pythonhosted.org/packages/96/96/c94d0e508954093e37a77b03101a3cf51a242e02cc0ec726edcb117f8885/pygame_ce-2.5.7-cp314-cp314-win_amd64.whl", hash = "sha256:595f4257c15fed11cd816ae0bfabad3d99f8f04a000d7d164a22c0f9afd6cb65", size = 10581240, upload-time = "2026-03-02T09:26:41.139Z" },
    { url = "https://files.pythonhosted.org/packages/81/bb/93c5dadb66ac9733ca52952e063cce117a9312d6f97facd5dc4932f3d777/pygame_ce-2.5.7-cp314-cp314-win_arm64.whl", hash = "sha256:3e6ce74fd5a5f146f1bcf0224ae3e880c733917a9edbb53f790329d235520433", size = 11057480, upload-time = "2026-03-02T09:26:43.871Z" },
]

[[package]]
name = "pyinstaller"
version = "6.11.0"
source = { registry = "https://pypi.org/simple" }
dependencies = [
    { name = "altgraph" },
    { name = "macholib", marker = "sys_platform == 'darwin'" },
    { name = "packaging" },
    { name = "pefile", marker = "sys_platform == 'win32'" },
    { name = "pyinstaller-hooks-contrib" },
    { name = "pywin32-ctypes", marker = "sys_platform == 'win32'" },
    { name = "setuptools" },
]
sdist = { url = "https://files.pythonhosted.org/packages/b0/98/170e3117657366560f355c154a5f4e1b9e6aee53c4f35127fe0c9aecb0e9/pyinstaller-6.11.0.tar.gz", hash = "sha256:cb4d433a3db30d9d17cf5f2cf7bb4df80a788d493c1d67dd822dc5791d9864af", size = 4245274, upload-time = "2024-10-15T21:46:24.763Z" }
wheels = [
    { url = "https://files.pythonhosted.org/packages/4a/c5/17e1d226035d4fbc154908c12d96ab7ee385f8d788c96085adc912dbed5b/pyinstaller-6.11.0-py3-none-macosx_10_13_universal2.whl", hash = "sha256:6fd68a3c1207635c49326c54881b89d5c3bd9ba061bbc9daa58c0902db1be39e", size = 844428, upload-time = "2024-10-15T21:45:16.763Z" },
    { url = "https://files.pythonhosted.org/packages/88/13/f15bc608d6c2cfcfb6f4628cd885e0f82da121210a375279a2bfac3c4c08/pyinstaller-6.11.0-py3-none-manylinux2014_aarch64.whl", hash = "sha256:eddd53f231e51adc65088eac4f40057ca803a990239828d4a9229407fb866239", size = 709617, upload-time = "2024-10-15T21:45:20.959Z" },
    { url = "https://files.pythonhosted.org/packages/2e/ca/7276e3a19a9ab378eecafbcbead9183b344267c380e3a9c18b3040fd331d/pyinstaller-6.11.0-py3-none-manylinux2014_i686.whl", hash = "sha256:e6d229009e815542833fe00332b589aa6984a06f794dc16f2ce1acab1c567590", size = 711883, upload-time = "2024-10-15T21:45:25.466Z" },
    { url = "https://files.pythonhosted.org/packages/68/7a/59f690b142db96f378e24c72a8a396ea2af6a41e66b06ebba9427d0b12fd/pyinstaller-6.11.0-py3-none-manylinux2014_ppc64le.whl", hash = "sha256:7d2cd2ebdcd6860f8a4abe2977264a7b6d260a7147047008971c7cfc66a656a4", size = 717051, upload-time = "2024-10-15T21:45:29.981Z" },
    { url = "https://files.pythonhosted.org/packages/66/d4/30e27bca5d1ee919b3ea2c727315892ebae2dad32203771c66ca42eefac2/pyinstaller-6.11.0-py3-none-manylinux2014_s390x.whl", hash = "sha256:d9ec6d4398b4eebc1d4c00437716264ba8406bc2746f594e253070a82378a584", size = 707434, upload-time = "2024-10-15T21:45:34.5Z" },
    { url = "https://files.pythonhosted.org/packages/58/a7/0e925c9e4351872e95e3cf96e58c859ecd43152aee29211d79ec9becb26e/pyinstaller-6.11.0-py3-none-manylinux2014_x86_64.whl", hash = "sha256:04f71828aa9531ab18c9656985c1f09b83d10332c73a1f4a113a48b491906955", size = 707917, upload-time = "2024-10-15T21:45:39.324Z" },
    { url = "https://files.pythonhosted.org/packages/d6/c8/05980cdaf7124b26114acd80568d3f74c515057cc1c86886025e8b09a3df/pyinstaller-6.11.0-py3-none-musllinux_1_1_aarch64.whl", hash = "sha256:a843d470768d68b05684ccf4860c45b2eb13727f41667c0b2cd8f57ae231bd18", size = 712337, upload-time = "2024-10-15T21:45:43.887Z" },
    { url = "https://files.pythonhosted.org/packages/7b/8f/357afd2b1b76961e43f727e7e2f8c01760b2f1497b0279ed4fdf4fe7e35e/pyinstaller-6.11.0-py3-none-musllinux_1_1_x86_64.whl", hash = "sha256:963dedc1f37144a4385f58f7f65f1c69c004a67faae522a2085b5ddb230c908b", size = 708315, upload-time = "2024-10-15T21:45:47.812Z" },
    { url = "https://files.pythonhosted.org/packages/d5/4c/4e2c10b746e5cedf806c2df3a890faf2506cb4388e94672d59374d8dc17f/pyinstaller-6.11.0-py3-none-win32.whl", hash = "sha256:c71024c8a19c7b221b9152b2baff4c3ba849cada68dcdd34382ba09f0107451f", size = 1277392, upload-time = "2024-10-15T21:45:53.613Z" },
    { url = "https://files.pythonhosted.org/packages/f0/45/8e609d66361cfd17ba89e07ae5ed1ca858d084e47f0fad3f9c277c96801b/pyinstaller-6.11.0-py3-none-win_amd64.whl", hash = "sha256:0e229610c22b96d741d905706f9496af472c1a9216a118988f393c98ecc3f51f", size = 1337562, upload-time = "2024-10-15T21:46:00.431Z" },
    { url = "https://files.pythonhosted.org/packages/26/77/203dda3d02fe5c899ffbbdb1942f0adc750dabbe25e5a1558354fc672dd8/pyinstaller-6.11.0-py3-none-win_arm64.whl", hash = "sha256:a5f716bb507517912fda39d109dead91fc0dd2e7b2859562522b63c61aa21676", size = 1264356, upload-time = "2024-10-15T21:46:07.274Z" },
]

[[package]]
name = "pyinstaller-hooks-contrib"
version = "2026.4"
source = { registry = "https://pypi.org/simple" }
dependencies = [
    { name = "packaging" },
    { name = "setuptools" },
]
sdist = { url = "https://files.pythonhosted.org/packages/c7/fe/9278c29394bf69169febc21f96b4252c3ee7c8ec22c2fc545004bed47e71/pyinstaller_hooks_contrib-2026.4.tar.gz", hash = "sha256:766c281acb1ecc32e21c8c667056d7ebf5da0aabd5e30c219f9c2a283620eeaa", size = 173050, upload-time = "2026-03-31T14:10:51.188Z" }
wheels = [
    { url = "https://files.pythonhosted.org/packages/88/f4/035fb8c06deff827f540a9a4ed9122c54e5376fca3e42eddf0c263730775/pyinstaller_hooks_contrib-2026.4-py3-none-any.whl", hash = "sha256:1de1a5e49a878122010b88c7e295502bc69776c157c4a4dc78741a4e6178b00f", size = 455496, upload-time = "2026-03-31T14:10:49.867Z" },
]

[[package]]
name = "pywin32-ctypes"
version = "0.2.3"
source = { registry = "https://pypi.org/simple" }
sdist = { url = "https://files.pythonhosted.org/packages/85/9f/01a1a99704853cb63f253eea009390c88e7131c67e66a0a02099a8c917cb/pywin32-ctypes-0.2.3.tar.gz", hash = "sha256:d162dc04946d704503b2edc4d55f3dba5c1d539ead017afa00142c38b9885755", size = 29471, upload-time = "2024-08-14T10:15:34.626Z" }
wheels = [
    { url = "https://files.pythonhosted.org/packages/de/3d/8161f7711c017e01ac9f008dfddd9410dff3674334c233bde66e7ba65bbf/pywin32_ctypes-0.2.3-py3-none-any.whl", hash = "sha256:8a1513379d709975552d202d942d9837758905c8d01eb82b8bcc30918929e7b8", size = 30756, upload-time = "2024-08-14T10:15:33.187Z" },
]

[[package]]
name = "setuptools"
version = "82.0.1"
source = { registry = "https://pypi.org/simple" }
sdist = { url = "https://files.pythonhosted.org/packages/4f/db/cfac1baf10650ab4d1c111714410d2fbb77ac5a616db26775db562c8fab2/setuptools-82.0.1.tar.gz", hash = "sha256:7d872682c5d01cfde07da7bccc7b65469d3dca203318515ada1de5eda35efbf9", size = 1152316, upload-time = "2026-03-09T12:47:17.221Z" }
wheels = [
    { url = "https://files.pythonhosted.org/packages/9d/76/f789f7a86709c6b087c5a2f52f911838cad707cc613162401badc665acfe/setuptools-82.0.1-py3-none-any.whl", hash = "sha256:a59e362652f08dcd477c78bb6e7bd9d80a7995bc73ce773050228a348ce2e5bb", size = 1006223, upload-time = "2026-03-09T12:47:15.026Z" },
]
